
Microsoft Visual Studio Solution File, Format Version 12.00
# Visual Studio 14
VisualStudioVersion = 14.0.24720.0
MinimumVisualStudioVersion = 10.0.40219.1
Project("{FAE04EC0-301F-11D3-BF4B-00C04F79EFBC}") = "Observer", "Observer\Observer.csproj", "{E87DE526-B122-4EEF-8304-8E552D7804ED}"
EndProject
Project("{FAE04EC0-301F-11D3-BF4B-00C04F79EFBC}") = "Strategy", "Strategy\Strategy.csproj", "{A111E88B-B246-4F91-9C0B-38EA224E9F4A}"
EndProject
Project("{FAE04EC0-301F-11D3-BF4B-00C04F79EFBC}") = "NullObject", "NullObject\NullObject.csproj", "{CDDA2297-7494-493B-821D-8DDAFB5E6CB1}"
EndProject
Project("{FAE04EC0-301F-11D3-BF4B-00C04F79EFBC}") = "Singleton", "Singleton\Singleton.csproj", "{CB58408C-0A79-441E-9011-EF1D1107F056}"
EndProject
Project("{FAE04EC0-301F-11D3-BF4B-00C04F79EFBC}") = "Adapter", "Adapter\Adapter.csproj", "{0E5952D4-2047-4078-BCBD-B56B86BF5982}"
EndProject
Project("{FAE04EC0-301F-11D3-BF4B-00C04F79EFBC}") = "Facade", "Facade\Facade.csproj", "{D7ADFCB7-A3EF-4F4D-BC0F-958791DA0158}"
EndProject
Project("{FAE04EC0-301F-11D3-BF4B-00C04F79EFBC}") = "Builder", "Builder\Builder.csproj", "{BA2DA3BA-C610-4DBA-8781-B1B3330D9A59}"
EndProject
Project("{FAE04EC0-301F-11D3-BF4B-00C04F79EFBC}") = "TemplateMethod", "TemplateMethod\TemplateMethod.csproj", "{F820211C-6A55-4CC7-87B6-5BC6A4297F29}"
EndProject
Project("{FAE04EC0-301F-11D3-BF4B-00C04F79EFBC}") = "Proxy", "Proxy\Proxy.csproj", "{09518B7E-636F-47C3-8E8F-9AE6916DE768}"
EndProject
Project("{FAE04EC0-301F-11D3-BF4B-00C04F79EFBC}") = "FactoryMethod", "FactoryMethod\FactoryMethod.csproj", "{A6490EF4-42A5-4EFA-B80F-46BA48475696}"
EndProject
Project("{FAE04EC0-301F-11D3-BF4B-00C04F79EFBC}") = "AbstractFactory", "AbstractFactory\AbstractFactory.csproj", "{C1F36380-347A-4422-A746-CD6FB492D239}"
EndProject
Project("{FAE04EC0-301F-11D3-BF4B-00C04F79EFBC}") = "Prototype", "Prototype\Prototype.csproj", "{4A6C2457-A693-4B9E-BA28-A773D9F9FF57}"
EndProject
Global
	GlobalSection(SolutionConfigurationPlatforms) = preSolution
		Debug|Any CPU = Debug|Any CPU
		Release|Any CPU = Release|Any CPU
	EndGlobalSection
	GlobalSection(ProjectConfigurationPlatforms) = postSolution
		{E87DE526-B122-4EEF-8304-8E552D7804ED}.Debug|Any CPU.ActiveCfg = Debug|Any CPU
		{E87DE526-B122-4EEF-8304-8E552D7804ED}.Debug|Any CPU.Build.0 = Debug|Any CPU
		{E87DE526-B122-4EEF-8304-8E552D7804ED}.Release|Any CPU.ActiveCfg = Release|Any CPU
		{E87DE526-B122-4EEF-8304-8E552D7804ED}.Release|Any CPU.Build.0 = Release|Any CPU
		{A111E88B-B246-4F91-9C0B-38EA224E9F4A}.Debug|Any CPU.ActiveCfg = Debug|Any CPU
		{A111E88B-B246-4F91-9C0B-38EA224E9F4A}.Debug|Any CPU.Build.0 = Debug|Any CPU
		{A111E88B-B246-4F91-9C0B-38EA224E9F4A}.Release|Any CPU.ActiveCfg = Release|Any CPU
		{A111E88B-B246-4F91-9C0B-38EA224E9F4A}.Release|Any CPU.Build.0 = Release|Any CPU
		{CDDA2297-7494-493B-821D-8DDAFB5E6CB1}.Debug|Any CPU.ActiveCfg = Debug|Any CPU
		{CDDA2297-7494-493B-821D-8DDAFB5E6CB1}.Debug|Any CPU.Build.0 = Debug|Any CPU
		{CDDA2297-7494-493B-821D-8DDAFB5E6CB1}.Release|Any CPU.ActiveCfg = Release|Any CPU
		{CDDA2297-7494-493B-821D-8DDAFB5E6CB1}.Release|Any CPU.Build.0 = Release|Any CPU
		{CB58408C-0A79-441E-9011-EF1D1107F056}.Debug|Any CPU.ActiveCfg = Debug|Any CPU
		{CB58408C-0A79-441E-9011-EF1D1107F056}.Debug|Any CPU.Build.0 = Debug|Any CPU
		{CB58408C-0A79-441E-9011-EF1D1107F056}.Release|Any CPU.ActiveCfg = Release|Any CPU
		{CB58408C-0A79-441E-9011-EF1D1107F056}.Release|Any CPU.Build.0 = Release|Any CPU
		{0E5952D4-2047-4078-BCBD-B56B86BF5982}.Debug|Any CPU.ActiveCfg = Debug|Any CPU
		{0E5952D4-2047-4078-BCBD-B56B86BF5982}.Debug|Any CPU.Build.0 = Debug|Any CPU
		{0E5952D4-2047-4078-BCBD-B56B86BF5982}.Release|Any CPU.ActiveCfg = Release|Any CPU
		{0E5952D4-2047-4078-BCBD-B56B86BF5982}.Release|Any CPU.Build.0 = Release|Any CPU
		{D7ADFCB7-A3EF-4F4D-BC0F-958791DA0158}.Debug|Any CPU.ActiveCfg = Debug|Any CPU
		{D7ADFCB7-A3EF-4F4D-BC0F-958791DA0158}.Debug|Any CPU.Build.0 = Debug|Any CPU
		{D7ADFCB7-A3EF-4F4D-BC0F-958791DA0158}.Release|Any CPU.ActiveCfg = Release|Any CPU
		{D7ADFCB7-A3EF-4F4D-BC0F-958791DA0158}.Release|Any CPU.Build.0 = Release|Any CPU
		{BA2DA3BA-C610-4DBA-8781-B1B3330D9A59}.Debug|Any CPU.ActiveCfg = Debug|Any CPU
		{BA2DA3BA-C610-4DBA-8781-B1B3330D9A59}.Debug|Any CPU.Build.0 = Debug|Any CPU
		{BA2DA3BA-C610-4DBA-8781-B1B3330D9A59}.Release|Any CPU.ActiveCfg = Release|Any CPU
		{BA2DA3BA-C610-4DBA-8781-B1B3330D9A59}.Release|Any CPU.Build.0 = Release|Any CPU
		{F820211C-6A55-4CC7-87B6-5BC6A4297F29}.Debug|Any CPU.ActiveCfg = Debug|Any CPU
		{F820211C-6A55-4CC7-87B6-5BC6A4297F29}.Debug|Any CPU.Build.0 = Debug|Any CPU
		{F820211C-6A55-4CC7-87B6-5BC6A4297F29}.Release|Any CPU.ActiveCfg = Release|Any CPU
		{F820211C-6A55-4CC7-87B6-5BC6A4297F29}.Release|Any CPU.Build.0 = Release|Any CPU
		{09518B7E-636F-47C3-8E8F-9AE6916DE768}.Debug|Any CPU.ActiveCfg = Debug|Any CPU
		{09518B7E-636F-47C3-8E8F-9AE6916DE768}.Debug|Any CPU.Build.0 = Debug|Any CPU
		{09518B7E-636F-47C3-8E8F-9AE6916DE768}.Release|Any CPU.ActiveCfg = Release|Any CPU
		{09518B7E-636F-47C3-8E8F-9AE6916DE768}.Release|Any CPU.Build.0 = Release|Any CPU
		{A6490EF4-42A5-4EFA-B80F-46BA48475696}.Debug|Any CPU.ActiveCfg = Debug|Any CPU
		{A6490EF4-42A5-4EFA-B80F-46BA48475696}.Debug|Any CPU.Build.0 = Debug|Any CPU
		{A6490EF4-42A5-4EFA-B80F-46BA48475696}.Release|Any CPU.ActiveCfg = Release|Any CPU
		{A6490EF4-42A5-4EFA-B80F-46BA48475696}.Release|Any CPU.Build.0 = Release|Any CPU
		{C1F36380-347A-4422-A746-CD6FB492D239}.Debug|Any CPU.ActiveCfg = Debug|Any CPU
		{C1F36380-347A-4422-A746-CD6FB492D239}.Debug|Any CPU.Build.0 = Debug|Any CPU
		{C1F36380-347A-4422-A746-CD6FB492D239}.Release|Any CPU.ActiveCfg = Release|Any CPU
		{C1F36380-347A-4422-A746-CD6FB492D239}.Release|Any CPU.Build.0 = Release|Any CPU
		{4A6C2457-A693-4B9E-BA28-A773D9F9FF57}.Debug|Any CPU.ActiveCfg = Debug|Any CPU
		{4A6C2457-A693-4B9E-BA28-A773D9F9FF57}.Debug|Any CPU.Build.0 = Debug|Any CPU
		{4A6C2457-A693-4B9E-BA28-A773D9F9FF57}.Release|Any CPU.ActiveCfg = Release|Any CPU
		{4A6C2457-A693-4B9E-BA28-A773D9F9FF57}.Release|Any CPU.Build.0 = Release|Any CPU
	EndGlobalSection
	GlobalSection(SolutionProperties) = preSolution
		HideSolutionNode = FALSE
	EndGlobalSection
EndGlobal
